
Microsoft Visual Studio Solution File, Format Version 12.00
# Visual Studio 15
VisualStudioVersion = 15.0.27004.2006
MinimumVisualStudioVersion = 10.0.40219.1
Project("{F2A71F9B-5D33-465A-A702-920D77279786}") = "fsdl.test", "fsdl.test\fsdl.test.fsproj", "{C12355CB-D087-4B57-851C-824B1DF0061B}"
EndProject
Project("{6EC3EE1D-3C4E-46DD-8F32-0CC8E7565705}") = "fsdl", "fsdl\fsdl.fsproj", "{0E95728A-D8DD-4EC1-8CF9-F2EBBDE8E001}"
EndProject
Global
	GlobalSection(SolutionConfigurationPlatforms) = preSolution
		Debug|Any CPU = Debug|Any CPU
		Release|Any CPU = Release|Any CPU
	EndGlobalSection
	GlobalSection(ProjectConfigurationPlatforms) = postSolution
		{C12355CB-D087-4B57-851C-824B1DF0061B}.Debug|Any CPU.ActiveCfg = Debug|Any CPU
		{C12355CB-D087-4B57-851C-824B1DF0061B}.Debug|Any CPU.Build.0 = Debug|Any CPU
		{C12355CB-D087-4B57-851C-824B1DF0061B}.Release|Any CPU.ActiveCfg = Release|Any CPU
		{C12355CB-D087-4B57-851C-824B1DF0061B}.Release|Any CPU.Build.0 = Release|Any CPU
		{0E95728A-D8DD-4EC1-8CF9-F2EBBDE8E001}.Debug|Any CPU.ActiveCfg = Debug|Any CPU
		{0E95728A-D8DD-4EC1-8CF9-F2EBBDE8E001}.Debug|Any CPU.Build.0 = Debug|Any CPU
		{0E95728A-D8DD-4EC1-8CF9-F2EBBDE8E001}.Release|Any CPU.ActiveCfg = Release|Any CPU
		{0E95728A-D8DD-4EC1-8CF9-F2EBBDE8E001}.Release|Any CPU.Build.0 = Release|Any CPU
	EndGlobalSection
	GlobalSection(SolutionProperties) = preSolution
		HideSolutionNode = FALSE
	EndGlobalSection
	GlobalSection(ExtensibilityGlobals) = postSolution
		SolutionGuid = {4E730C89-65A0-4DF7-BFFD-9542550ABE46}
	EndGlobalSection
EndGlobal
