
Microsoft Visual Studio Solution File, Format Version 12.00
# Visual Studio Version 16
VisualStudioVersion = 16.0.31911.196
MinimumVisualStudioVersion = 10.0.40219.1
Project("{6EC3EE1D-3C4E-46DD-8F32-0CC8E7565705}") = "fsdl.test", "fsdl.test\fsdl.test.fsproj", "{C12355CB-D087-4B57-851C-824B1DF0061B}"
EndProject
Project("{6EC3EE1D-3C4E-46DD-8F32-0CC8E7565705}") = "fsdl", "fsdl\fsdl.fsproj", "{0E95728A-D8DD-4EC1-8CF9-F2EBBDE8E001}"
EndProject
Project("{2150E333-8FDC-42A3-9474-1A3956D46DE8}") = "Solution Items", "Solution Items", "{E93F7AEE-DFC3-49F6-9194-CB6768517449}"
	ProjectSection(SolutionItems) = preProject
		.editorconfig = .editorconfig
	EndProjectSection
EndProject
Global
	GlobalSection(SolutionConfigurationPlatforms) = preSolution
		Debug|Any CPU = Debug|Any CPU
		Release|Any CPU = Release|Any CPU
	EndGlobalSection
	GlobalSection(ProjectConfigurationPlatforms) = postSolution
		{C12355CB-D087-4B57-851C-824B1DF0061B}.Debug|Any CPU.ActiveCfg = Debug|Any CPU
		{C12355CB-D087-4B57-851C-824B1DF0061B}.Debug|Any CPU.Build.0 = Debug|Any CPU
		{C12355CB-D087-4B57-851C-824B1DF0061B}.Release|Any CPU.ActiveCfg = Release|Any CPU
		{C12355CB-D087-4B57-851C-824B1DF0061B}.Release|Any CPU.Build.0 = Release|Any CPU
		{0E95728A-D8DD-4EC1-8CF9-F2EBBDE8E001}.Debug|Any CPU.ActiveCfg = Debug|Any CPU
		{0E95728A-D8DD-4EC1-8CF9-F2EBBDE8E001}.Debug|Any CPU.Build.0 = Debug|Any CPU
		{0E95728A-D8DD-4EC1-8CF9-F2EBBDE8E001}.Release|Any CPU.ActiveCfg = Release|Any CPU
		{0E95728A-D8DD-4EC1-8CF9-F2EBBDE8E001}.Release|Any CPU.Build.0 = Release|Any CPU
	EndGlobalSection
	GlobalSection(SolutionProperties) = preSolution
		HideSolutionNode = FALSE
	EndGlobalSection
	GlobalSection(ExtensibilityGlobals) = postSolution
		SolutionGuid = {4E730C89-65A0-4DF7-BFFD-9542550ABE46}
	EndGlobalSection
EndGlobal
